// !$*UTF8*$!
{
	archiveVersion = 1;
	classes = {
	};
	objectVersion = 77;
	objects = {

/* Begin PBXContainerItemProxy section */
		F15261242F2C4B3D00E34EB7 /* PBXContainerItemProxy */ = {
			isa = PBXContainerItemProxy;
			containerPortal = F152610C2F2C4B3B00E34EB7 /* Project object */;
			proxyType = 1;
			remoteGlobalIDString = F15261132F2C4B3B00E34EB7;
			remoteInfo = "Project-Portion-demo";
		};
		F152612E2F2C4B3D00E34EB7 /* PBXContainerItemProxy */ = {
			isa = PBXContainerItemProxy;
			containerPortal = F152610C2F2C4B3B00E34EB7 /* Project object */;
			proxyType = 1;
			remoteGlobalIDString = F15261132F2C4B3B00E34EB7;
			remoteInfo = "Project-Portion-demo";
		};
/* End PBXContainerItemProxy section */

/* Begin PBXFileReference section */
		F15261142F2C4B3B00E34EB7 /* Project-Portion-demo.app */ = {isa = PBXFileReference; explicitFileType = wrapper.application; includeInIndex = 0; path = "Project-Portion-demo.app"; sourceTree = BUILT_PRODUCTS_DIR; };
		F15261232F2C4B3D00E34EB7 /* Project-Portion-demoTests.xctest */ = {isa = PBXFileReference; explicitFileType = wrapper.cfbundle; includeInIndex = 0; path = "Project-Portion-demoTests.xctest"; sourceTree = BUILT_PRODUCTS_DIR; };
		F152612D2F2C4B3D00E34EB7 /* Project-Portion-demoUITests.xctest */ = {isa = PBXFileReference; explicitFileType = wrapper.cfbundle; includeInIndex = 0; path = "Project-Portion-demoUITests.xctest"; sourceTree = BUILT_PRODUCTS_DIR; };
/* End PBXFileReference section */

/* Begin PBXFileSystemSynchronizedBuildFileExceptionSet section */
		F15261FB2F2C4E5300E34EB7 /* Exceptions for "Project-Portion-demo" folder in "Project-Portion-demo" target */ = {
			isa = PBXFileSystemSynchronizedBuildFileExceptionSet;
			membershipExceptions = (
				Info.plist,
			);
			target = F15261132F2C4B3B00E34EB7 /* Project-Portion-demo */;
		};
/* End PBXFileSystemSynchronizedBuildFileExceptionSet section */

/* Begin PBXFileSystemSynchronizedRootGroup section */
		F15261162F2C4B3B00E34EB7 /* Project-Portion-demo */ = {
			isa = PBXFileSystemSynchronizedRootGroup;
			exceptions = (
				F15261FB2F2C4E5300E34EB7 /* Exceptions for "Project-Portion-demo" folder in "Project-Portion-demo" target */,
			);
			path = "Project-Portion-demo";
			sourceTree = "<group>";
		};
		F15261262F2C4B3D00E34EB7 /* Project-Portion-demoTests */ = {
			isa = PBXFileSystemSynchronizedRootGroup;
			path = "Project-Portion-demoTests";
			sourceTree = "<group>";
		};
		F15261302F2C4B3D00E34EB7 /* Project-Portion-demoUITests */ = {
			isa = PBXFileSystemSynchronizedRootGroup;
			path = "Project-Portion-demoUITests";
			sourceTree = "<group>";
		};
/* End PBXFileSystemSynchronizedRootGroup section */

/* Begin PBXFrameworksBuildPhase section */
		F15261112F2C4B3B00E34EB7 /* Frameworks */ = {
			isa = PBXFrameworksBuildPhase;
			buildActionMask = 2147483647;
			files = (
			);
			runOnlyForDeploymentPostprocessing = 0;
		};
		F15261202F2C4B3D00E34EB7 /* Frameworks */ = {
			isa = PBXFrameworksBuildPhase;
			buildActionMask = 2147483647;
			files = (
			);
			runOnlyForDeploymentPostprocessing = 0;
		};
		F152612A2F2C4B3D00E34EB7 /* Frameworks */ = {
			isa = PBXFrameworksBuildPhase;
			buildActionMask = 2147483647;
			files = (
			);
			runOnlyForDeploymentPostprocessing = 0;
		};
/* End PBXFrameworksBuildPhase section */

/* Begin PBXGroup section */
		F152610B2F2C4B3B00E34EB7 = {
			isa = PBXGroup;
			children = (
				F15261162F2C4B3B00E34EB7 /* Project-Portion-demo */,
				F15261262F2C4B3D00E34EB7 /* Project-Portion-demoTests */,
				F15261302F2C4B3D00E34EB7 /* Project-Portion-demoUITests */,
				F15261152F2C4B3B00E34EB7 /* Products */,
			);
			sourceTree = "<group>";
		};
		F15261152F2C4B3B00E34EB7 /* Products */ = {
			isa = PBXGroup;
			children = (
				F15261142F2C4B3B00E34EB7 /* Project-Portion-demo.app */,
				F15261232F2C4B3D00E34EB7 /* Project-Portion-demoTests.xctest */,
				F152612D2F2C4B3D00E34EB7 /* Project-Portion-demoUITests.xctest */,
			);
			name = Products;
			sourceTree = "<group>";
		};
/* End PBXGroup section */

/* Begin PBXNativeTarget section */
		F15261132F2C4B3B00E34EB7 /* Project-Portion-demo */ = {
			isa = PBXNativeTarget;
			buildConfigurationList = F15261372F2C4B3D00E34EB7 /* Build configuration list for PBXNativeTarget "Project-Portion-demo" */;
			buildPhases = (
				F15261102F2C4B3B00E34EB7 /* Sources */,
				F15261112F2C4B3B00E34EB7 /* Frameworks */,
				F15261122F2C4B3B00E34EB7 /* Resources */,
			);
			buildRules = (
			);
			dependencies = (
			);
			fileSystemSynchronizedGroups = (
				F15261162F2C4B3B00E34EB7 /* Project-Portion-demo */,
			);
			name = "Project-Portion-demo";
			packageProductDependencies = (
			);
			productName = "Project-Portion-demo";
			productReference = F15261142F2C4B3B00E34EB7 /* Project-Portion-demo.app */;
			productType = "com.apple.product-type.application";
		};
		F15261222F2C4B3D00E34EB7 /* Project-Portion-demoTests */ = {
			isa = PBXNativeTarget;
			buildConfigurationList = F152613A2F2C4B3D00E34EB7 /* Build configuration list for PBXNativeTarget "Project-Portion-demoTests" */;
			buildPhases = (
				F152611F2F2C4B3D00E34EB7 /* Sources */,
				F15261202F2C4B3D00E34EB7 /* Frameworks */,
				F15261212F2C4B3D00E34EB7 /* Resources */,
			);
			buildRules = (
			);
			dependencies = (
				F15261252F2C4B3D00E34EB7 /* PBXTargetDependency */,
			);
			fileSystemSynchronizedGroups = (
				F15261262F2C4B3D00E34EB7 /* Project-Portion-demoTests */,
			);
			name = "Project-Portion-demoTests";
			packageProductDependencies = (
			);
			productName = "Project-Portion-demoTests";
			productReference = F15261232F2C4B3D00E34EB7 /* Project-Portion-demoTests.xctest */;
			productType = "com.apple.product-type.bundle.unit-test";
		};
		F152612C2F2C4B3D00E34EB7 /* Project-Portion-demoUITests */ = {
			isa = PBXNativeTarget;
			buildConfigurationList = F152613D2F2C4B3D00E34EB7 /* Build configuration list for PBXNativeTarget "Project-Portion-demoUITests" */;
			buildPhases = (
				F15261292F2C4B3D00E34EB7 /* Sources */,
				F152612A2F2C4B3D00E34EB7 /* Frameworks */,
				F152612B2F2C4B3D00E34EB7 /* Resources */,
			);
			buildRules = (
			);
			dependencies = (
				F152612F2F2C4B3D00E34EB7 /* PBXTargetDependency */,
			);
			fileSystemSynchronizedGroups = (
				F15261302F2C4B3D00E34EB7 /* Project-Portion-demoUITests */,
			);
			name = "Project-Portion-demoUITests";
			packageProductDependencies = (
			);
			productName = "Project-Portion-demoUITests";
			productReference = F152612D2F2C4B3D00E34EB7 /* Project-Portion-demoUITests.xctest */;
			productType = "com.apple.product-type.bundle.ui-testing";
		};
/* End PBXNativeTarget section */

/* Begin PBXProject section */
		F152610C2F2C4B3B00E34EB7 /* Project object */ = {
			isa = PBXProject;
			attributes = {
				BuildIndependentTargetsInParallel = 1;
				LastSwiftUpdateCheck = 2600;
				LastUpgradeCheck = 2600;
				TargetAttributes = {
					F15261132F2C4B3B00E34EB7 = {
						CreatedOnToolsVersion = 26.0.1;
					};
					F15261222F2C4B3D00E34EB7 = {
						CreatedOnToolsVersion = 26.0.1;
						TestTargetID = F15261132F2C4B3B00E34EB7;
					};
					F152612C2F2C4B3D00E34EB7 = {
						CreatedOnToolsVersion = 26.0.1;
						TestTargetID = F15261132F2C4B3B00E34EB7;
					};
				};
			};
			buildConfigurationList = F152610F2F2C4B3B00E34EB7 /* Build configuration list for PBXProject "Project-Portion-demo" */;
			developmentRegion = en;
			hasScannedForEncodings = 0;
			knownRegions = (
				en,
				Base,
			);
			mainGroup = F152610B2F2C4B3B00E34EB7;
			minimizedProjectReferenceProxies = 1;
			preferredProjectObjectVersion = 77;
			productRefGroup = F15261152F2C4B3B00E34EB7 /* Products */;
			projectDirPath = "";
			projectRoot = "";
			targets = (
				F15261132F2C4B3B00E34EB7 /* Project-Portion-demo */,
				F15261222F2C4B3D00E34EB7 /* Project-Portion-demoTests */,
				F152612C2F2C4B3D00E34EB7 /* Project-Portion-demoUITests */,
			);
		};
/* End PBXProject section */

/* Begin PBXResourcesBuildPhase section */
		F15261122F2C4B3B00E34EB7 /* Resources */ = {
			isa = PBXResourcesBuildPhase;
			buildActionMask = 2147483647;
			files = (
			);
			runOnlyForDeploymentPostprocessing = 0;
		};
		F15261212F2C4B3D00E34EB7 /* Resources */ = {
			isa = PBXResourcesBuildPhase;
			buildActionMask = 2147483647;
			files = (
			);
			runOnlyForDeploymentPostprocessing = 0;
		};
		F152612B2F2C4B3D00E34EB7 /* Resources */ = {
			isa = PBXResourcesBuildPhase;
			buildActionMask = 2147483647;
			files = (
			);
			runOnlyForDeploymentPostprocessing = 0;
		};
/* End PBXResourcesBuildPhase section */

/* Begin PBXSourcesBuildPhase section */
		F15261102F2C4B3B00E34EB7 /* Sources */ = {
			isa = PBXSourcesBuildPhase;
			buildActionMask = 2147483647;
			files = (
			);
			runOnlyForDeploymentPostprocessing = 0;
		};
		F152611F2F2C4B3D00E34EB7 /* Sources */ = {
			isa = PBXSourcesBuildPhase;
			buildActionMask = 2147483647;
			files = (
			);
			runOnlyForDeploymentPostprocessing = 0;
		};
		F15261292F2C4B3D00E34EB7 /* Sources */ = {
			isa = PBXSourcesBuildPhase;
			buildActionMask = 2147483647;
			files = (
			);
			runOnlyForDeploymentPostprocessing = 0;
		};
/* End PBXSourcesBuildPhase section */

/* Begin PBXTargetDependency section */
		F15261252F2C4B3D00E34EB7 /* PBXTargetDependency */ = {
			isa = PBXTargetDependency;
			target = F15261132F2C4B3B00E34EB7 /* Project-Portion-demo */;
			targetProxy = F15261242F2C4B3D00E34EB7 /* PBXContainerItemProxy */;
		};
		F152612F2F2C4B3D00E34EB7 /* PBXTargetDependency */ = {
			isa = PBXTargetDependency;
			target = F15261132F2C4B3B00E34EB7 /* Project-Portion-demo */;
			targetProxy = F152612E2F2C4B3D00E34EB7 /* PBXContainerItemProxy */;
		};
/* End PBXTargetDependency section */

/* Begin XCBuildConfiguration section */
		F15261352F2C4B3D00E34EB7 /* Debug */ = {
			isa = XCBuildConfiguration;
			buildSettings = {
				ALWAYS_SEARCH_USER_PATHS = NO;
				ASSETCATALOG_COMPILER_GENERATE_SWIFT_ASSET_SYMBOL_EXTENSIONS = YES;
				CLANG_ANALYZER_NONNULL = YES;
				CLANG_ANALYZER_NUMBER_OBJECT_CONVERSION = YES_AGGRESSIVE;
				CLANG_CXX_LANGUAGE_STANDARD = "gnu++20";
				CLANG_ENABLE_MODULES = YES;
				CLANG_ENABLE_OBJC_ARC = YES;
				CLANG_ENABLE_OBJC_WEAK = YES;
				CLANG_WARN_BLOCK_CAPTURE_AUTORELEASING = YES;
				CLANG_WARN_BOOL_CONVERSION = YES;
				CLANG_WARN_COMMA = YES;
				CLANG_WARN_CONSTANT_CONVERSION = YES;
				CLANG_WARN_DEPRECATED_OBJC_IMPLEMENTATIONS = YES;
				CLANG_WARN_DIRECT_OBJC_ISA_USAGE = YES_ERROR;
				CLANG_WARN_DOCUMENTATION_COMMENTS = YES;
				CLANG_WARN_EMPTY_BODY = YES;
				CLANG_WARN_ENUM_CONVERSION = YES;
				CLANG_WARN_INFINITE_RECURSION = YES;
				CLANG_WARN_INT_CONVERSION = YES;
				CLANG_WARN_NON_LITERAL_NULL_CONVERSION = YES;
				CLANG_WARN_OBJC_IMPLICIT_RETAIN_SELF = YES;
				CLANG_WARN_OBJC_LITERAL_CONVERSION = YES;
				CLANG_WARN_OBJC_ROOT_CLASS = YES_ERROR;
				CLANG_WARN_QUOTED_INCLUDE_IN_FRAMEWORK_HEADER = YES;
				CLANG_WARN_RANGE_LOOP_ANALYSIS = YES;
				CLANG_WARN_STRICT_PROTOTYPES = YES;
				CLANG_WARN_SUSPICIOUS_MOVE = YES;
				CLANG_WARN_UNGUARDED_AVAILABILITY = YES_AGGRESSIVE;
				CLANG_WARN_UNREACHABLE_CODE = YES;
				CLANG_WARN__DUPLICATE_METHOD_MATCH = YES;
				COPY_PHASE_STRIP = NO;
				DEBUG_INFORMATION_FORMAT = dwarf;
				DEVELOPMENT_TEAM = SXUG3PKD8J;
				ENABLE_STRICT_OBJC_MSGSEND = YES;
				ENABLE_TESTABILITY = YES;
				ENABLE_USER_SCRIPT_SANDBOXING = YES;
				GCC_C_LANGUAGE_STANDARD = gnu17;
				GCC_DYNAMIC_NO_PIC = NO;
				GCC_NO_COMMON_BLOCKS = YES;
				GCC_OPTIMIZATION_LEVEL = 0;
				GCC_PREPROCESSOR_DEFINITIONS = (
					"DEBUG=1",
					"$(inherited)",
				);
				GCC_WARN_64_TO_32_BIT_CONVERSION = YES;
				GCC_WARN_ABOUT_RETURN_TYPE = YES_ERROR;
				GCC_WARN_UNDECLARED_SELECTOR = YES;
				GCC_WARN_UNINITIALIZED_AUTOS = YES_AGGRESSIVE;
				GCC_WARN_UNUSED_FUNCTION = YES;
				GCC_WARN_UNUSED_VARIABLE = YES;
				IPHONEOS_DEPLOYMENT_TARGET = 26.0;
				LOCALIZATION_PREFERS_STRING_CATALOGS = YES;
				MTL_ENABLE_DEBUG_INFO = INCLUDE_SOURCE;
				MTL_FAST_MATH = YES;
				ONLY_ACTIVE_ARCH = YES;
				SDKROOT = iphoneos;
				SWIFT_ACTIVE_COMPILATION_CONDITIONS = "DEBUG $(inherited)";
				SWIFT_OPTIMIZATION_LEVEL = "-Onone";
			};
			name = Debug;
		};
		F15261362F2C4B3D00E34EB7 /* Release */ = {
			isa = XCBuildConfiguration;
			buildSettings = {
				ALWAYS_SEARCH_USER_PATHS = NO;
				ASSETCATALOG_COMPILER_GENERATE_SWIFT_ASSET_SYMBOL_EXTENSIONS = YES;
				CLANG_ANALYZER_NONNULL = YES;
				CLANG_ANALYZER_NUMBER_OBJECT_CONVERSION = YES_AGGRESSIVE;
				CLANG_CXX_LANGUAGE_STANDARD = "gnu++20";
				CLANG_ENABLE_MODULES = YES;
				CLANG_ENABLE_OBJC_ARC = YES;
				CLANG_ENABLE_OBJC_WEAK = YES;
				CLANG_WARN_BLOCK_CAPTURE_AUTORELEASING = YES;
				CLANG_WARN_BOOL_CONVERSION = YES;
				CLANG_WARN_COMMA = YES;
				CLANG_WARN_CONSTANT_CONVERSION = YES;
				CLANG_WARN_DEPRECATED_OBJC_IMPLEMENTATIONS = YES;
				CLANG_WARN_DIRECT_OBJC_ISA_USAGE = YES_ERROR;
				CLANG_WARN_DOCUMENTATION_COMMENTS = YES;
				CLANG_WARN_EMPTY_BODY = YES;
				CLANG_WARN_ENUM_CONVERSION = YES;
				CLANG_WARN_INFINITE_RECURSION = YES;
				CLANG_WARN_INT_CONVERSION = YES;
				CLANG_WARN_NON_LITERAL_NULL_CONVERSION = YES;
				CLANG_WARN_OBJC_IMPLICIT_RETAIN_SELF = YES;
				CLANG_WARN_OBJC_LITERAL_CONVERSION = YES;
				CLANG_WARN_OBJC_ROOT_CLASS = YES_ERROR;
				CLANG_WARN_QUOTED_INCLUDE_IN_FRAMEWORK_HEADER = YES;
				CLANG_WARN_RANGE_LOOP_ANALYSIS = YES;
				CLANG_WARN_STRICT_PROTOTYPES = YES;
				CLANG_WARN_SUSPICIOUS_MOVE = YES;
				CLANG_WARN_UNGUARDED_AVAILABILITY = YES_AGGRESSIVE;
				CLANG_WARN_UNREACHABLE_CODE = YES;
				CLANG_WARN__DUPLICATE_METHOD_MATCH = YES;
				COPY_PHASE_STRIP = NO;
				DEBUG_INFORMATION_FORMAT = "dwarf-with-dsym";
				DEVELOPMENT_TEAM = SXUG3PKD8J;
				ENABLE_NS_ASSERTIONS = NO;
				ENABLE_STRICT_OBJC_MSGSEND = YES;
				ENABLE_USER_SCRIPT_SANDBOXING = YES;
				GCC_C_LANGUAGE_STANDARD = gnu17;
				GCC_NO_COMMON_BLOCKS = YES;
				GCC_WARN_64_TO_32_BIT_CONVERSION = YES;
				GCC_WARN_ABOUT_RETURN_TYPE = YES_ERROR;
				GCC_WARN_UNDECLARED_SELECTOR = YES;
				GCC_WARN_UNINITIALIZED_AUTOS = YES_AGGRESSIVE;
				GCC_WARN_UNUSED_FUNCTION = YES;
				GCC_WARN_UNUSED_VARIABLE = YES;
				IPHONEOS_DEPLOYMENT_TARGET = 26.0;
				LOCALIZATION_PREFERS_STRING_CATALOGS = YES;
				MTL_ENABLE_DEBUG_INFO = NO;
				MTL_FAST_MATH = YES;
				SDKROOT = iphoneos;
				SWIFT_COMPILATION_MODE = wholemodule;
				VALIDATE_PRODUCT = YES;
			};
			name = Release;
		};
		F15261382F2C4B3D00E34EB7 /* Debug */ = {
			isa = XCBuildConfiguration;
			buildSettings = {
				ASSETCATALOG_COMPILER_APPICON_NAME = AppIcon;
				ASSETCATALOG_COMPILER_GLOBAL_ACCENT_COLOR_NAME = AccentColor;
				CODE_SIGN_STYLE = Automatic;
				CURRENT_PROJECT_VERSION = 1;
				DEVELOPMENT_TEAM = SXUG3PKD8J;
				ENABLE_PREVIEWS = YES;
				GENERATE_INFOPLIST_FILE = YES;
				INFOPLIST_FILE = "Project-Portion-demo/Info.plist";
				INFOPLIST_KEY_UIApplicationSceneManifest_Generation = YES;
				INFOPLIST_KEY_UIApplicationSupportsIndirectInputEvents = YES;
				INFOPLIST_KEY_UILaunchScreen_Generation = YES;
				INFOPLIST_KEY_UISupportedInterfaceOrientations_iPad = "UIInterfaceOrientationPortrait UIInterfaceOrientationPortraitUpsideDown UIInterfaceOrientationLandscapeLeft UIInterfaceOrientationLandscapeRight";
				INFOPLIST_KEY_UISupportedInterfaceOrientations_iPhone = "UIInterfaceOrientationPortrait UIInterfaceOrientationLandscapeLeft UIInterfaceOrientationLandscapeRight";
				LD_RUNPATH_SEARCH_PATHS = (
					"$(inherited)",
					"@executable_path/Frameworks",
				);
				MARKETING_VERSION = 1.0;
				PRODUCT_BUNDLE_IDENTIFIER = "sukhoves.Project-Portion-demo";
				PRODUCT_NAME = "$(TARGET_NAME)";
				STRING_CATALOG_GENERATE_SYMBOLS = YES;
				SWIFT_APPROACHABLE_CONCURRENCY = YES;
				SWIFT_DEFAULT_ACTOR_ISOLATION = MainActor;
				SWIFT_EMIT_LOC_STRINGS = YES;
				SWIFT_UPCOMING_FEATURE_MEMBER_IMPORT_VISIBILITY = YES;
				SWIFT_VERSION = 5.0;
				TARGETED_DEVICE_FAMILY = "1,2";
			};
			name = Debug;
		};
		F15261392F2C4B3D00E34EB7 /* Release */ = {
			isa = XCBuildConfiguration;
			buildSettings = {
				ASSETCATALOG_COMPILER_APPICON_NAME = AppIcon;
				ASSETCATALOG_COMPILER_GLOBAL_ACCENT_COLOR_NAME = AccentColor;
				CODE_SIGN_STYLE = Automatic;
				CURRENT_PROJECT_VERSION = 1;
				DEVELOPMENT_TEAM = SXUG3PKD8J;
				ENABLE_PREVIEWS = YES;
				GENERATE_INFOPLIST_FILE = YES;
				INFOPLIST_FILE = "Project-Portion-demo/Info.plist";
				INFOPLIST_KEY_UIApplicationSceneManifest_Generation = YES;
				INFOPLIST_KEY_UIApplicationSupportsIndirectInputEvents = YES;
				INFOPLIST_KEY_UILaunchScreen_Generation = YES;
				INFOPLIST_KEY_UISupportedInterfaceOrientations_iPad = "UIInterfaceOrientationPortrait UIInterfaceOrientationPortraitUpsideDown UIInterfaceOrientationLandscapeLeft UIInterfaceOrientationLandscapeRight";
				INFOPLIST_KEY_UISupportedInterfaceOrientations_iPhone = "UIInterfaceOrientationPortrait UIInterfaceOrientationLandscapeLeft UIInterfaceOrientationLandscapeRight";
				LD_RUNPATH_SEARCH_PATHS = (
					"$(inherited)",
					"@executable_path/Frameworks",
				);
				MARKETING_VERSION = 1.0;
				PRODUCT_BUNDLE_IDENTIFIER = "sukhoves.Project-Portion-demo";
				PRODUCT_NAME = "$(TARGET_NAME)";
				STRING_CATALOG_GENERATE_SYMBOLS = YES;
				SWIFT_APPROACHABLE_CONCURRENCY = YES;
				SWIFT_DEFAULT_ACTOR_ISOLATION = MainActor;
				SWIFT_EMIT_LOC_STRINGS = YES;
				SWIFT_UPCOMING_FEATURE_MEMBER_IMPORT_VISIBILITY = YES;
				SWIFT_VERSION = 5.0;
				TARGETED_DEVICE_FAMILY = "1,2";
			};
			name = Release;
		};
		F152613B2F2C4B3D00E34EB7 /* Debug */ = {
			isa = XCBuildConfiguration;
			buildSettings = {
				BUNDLE_LOADER = "$(TEST_HOST)";
				CODE_SIGN_STYLE = Automatic;
				CURRENT_PROJECT_VERSION = 1;
				DEVELOPMENT_TEAM = SXUG3PKD8J;
				GENERATE_INFOPLIST_FILE = YES;
				IPHONEOS_DEPLOYMENT_TARGET = 26.0;
				MARKETING_VERSION = 1.0;
				PRODUCT_BUNDLE_IDENTIFIER = "sukhoves.Project-Portion-demoTests";
				PRODUCT_NAME = "$(TARGET_NAME)";
				STRING_CATALOG_GENERATE_SYMBOLS = NO;
				SWIFT_APPROACHABLE_CONCURRENCY = YES;
				SWIFT_EMIT_LOC_STRINGS = NO;
				SWIFT_UPCOMING_FEATURE_MEMBER_IMPORT_VISIBILITY = YES;
				SWIFT_VERSION = 5.0;
				TARGETED_DEVICE_FAMILY = "1,2";
				TEST_HOST = "$(BUILT_PRODUCTS_DIR)/Project-Portion-demo.app/$(BUNDLE_EXECUTABLE_FOLDER_PATH)/Project-Portion-demo";
			};
			name = Debug;
		};
		F152613C2F2C4B3D00E34EB7 /* Release */ = {
			isa = XCBuildConfiguration;
			buildSettings = {
				BUNDLE_LOADER = "$(TEST_HOST)";
				CODE_SIGN_STYLE = Automatic;
				CURRENT_PROJECT_VERSION = 1;
				DEVELOPMENT_TEAM = SXUG3PKD8J;
				GENERATE_INFOPLIST_FILE = YES;
				IPHONEOS_DEPLOYMENT_TARGET = 26.0;
				MARKETING_VERSION = 1.0;
				PRODUCT_BUNDLE_IDENTIFIER = "sukhoves.Project-Portion-demoTests";
				PRODUCT_NAME = "$(TARGET_NAME)";
				STRING_CATALOG_GENERATE_SYMBOLS = NO;
				SWIFT_APPROACHABLE_CONCURRENCY = YES;
				SWIFT_EMIT_LOC_STRINGS = NO;
				SWIFT_UPCOMING_FEATURE_MEMBER_IMPORT_VISIBILITY = YES;
				SWIFT_VERSION = 5.0;
				TARGETED_DEVICE_FAMILY = "1,2";
				TEST_HOST = "$(BUILT_PRODUCTS_DIR)/Project-Portion-demo.app/$(BUNDLE_EXECUTABLE_FOLDER_PATH)/Project-Portion-demo";
			};
			name = Release;
		};
		F152613E2F2C4B3D00E34EB7 /* Debug */ = {
			isa = XCBuildConfiguration;
			buildSettings = {
				CODE_SIGN_STYLE = Automatic;
				CURRENT_PROJECT_VERSION = 1;
				DEVELOPMENT_TEAM = SXUG3PKD8J;
				GENERATE_INFOPLIST_FILE = YES;
				MARKETING_VERSION = 1.0;
				PRODUCT_BUNDLE_IDENTIFIER = "sukhoves.Project-Portion-demoUITests";
				PRODUCT_NAME = "$(TARGET_NAME)";
				STRING_CATALOG_GENERATE_SYMBOLS = NO;
				SWIFT_APPROACHABLE_CONCURRENCY = YES;
				SWIFT_EMIT_LOC_STRINGS = NO;
				SWIFT_UPCOMING_FEATURE_MEMBER_IMPORT_VISIBILITY = YES;
				SWIFT_VERSION = 5.0;
				TARGETED_DEVICE_FAMILY = "1,2";
				TEST_TARGET_NAME = "Project-Portion-demo";
			};
			name = Debug;
		};
		F152613F2F2C4B3D00E34EB7 /* Release */ = {
			isa = XCBuildConfiguration;
			buildSettings = {
				CODE_SIGN_STYLE = Automatic;
				CURRENT_PROJECT_VERSION = 1;
				DEVELOPMENT_TEAM = SXUG3PKD8J;
				GENERATE_INFOPLIST_FILE = YES;
				MARKETING_VERSION = 1.0;
				PRODUCT_BUNDLE_IDENTIFIER = "sukhoves.Project-Portion-demoUITests";
				PRODUCT_NAME = "$(TARGET_NAME)";
				STRING_CATALOG_GENERATE_SYMBOLS = NO;
				SWIFT_APPROACHABLE_CONCURRENCY = YES;
				SWIFT_EMIT_LOC_STRINGS = NO;
				SWIFT_UPCOMING_FEATURE_MEMBER_IMPORT_VISIBILITY = YES;
				SWIFT_VERSION = 5.0;
				TARGETED_DEVICE_FAMILY = "1,2";
				TEST_TARGET_NAME = "Project-Portion-demo";
			};
			name = Release;
		};
/* End XCBuildConfiguration section */

/* Begin XCConfigurationList section */
		F152610F2F2C4B3B00E34EB7 /* Build configuration list for PBXProject "Project-Portion-demo" */ = {
			isa = XCConfigurationList;
			buildConfigurations = (
				F15261352F2C4B3D00E34EB7 /* Debug */,
				F15261362F2C4B3D00E34EB7 /* Release */,
			);
			defaultConfigurationIsVisible = 0;
			defaultConfigurationName = Release;
		};
		F15261372F2C4B3D00E34EB7 /* Build configuration list for PBXNativeTarget "Project-Portion-demo" */ = {
			isa = XCConfigurationList;
			buildConfigurations = (
				F15261382F2C4B3D00E34EB7 /* Debug */,
				F15261392F2C4B3D00E34EB7 /* Release */,
			);
			defaultConfigurationIsVisible = 0;
			defaultConfigurationName = Release;
		};
		F152613A2F2C4B3D00E34EB7 /* Build configuration list for PBXNativeTarget "Project-Portion-demoTests" */ = {
			isa = XCConfigurationList;
			buildConfigurations = (
				F152613B2F2C4B3D00E34EB7 /* Debug */,
				F152613C2F2C4B3D00E34EB7 /* Release */,
			);
			defaultConfigurationIsVisible = 0;
			defaultConfigurationName = Release;
		};
		F152613D2F2C4B3D00E34EB7 /* Build configuration list for PBXNativeTarget "Project-Portion-demoUITests" */ = {
			isa = XCConfigurationList;
			buildConfigurations = (
				F152613E2F2C4B3D00E34EB7 /* Debug */,
				F152613F2F2C4B3D00E34EB7 /* Release */,
			);
			defaultConfigurationIsVisible = 0;
			defaultConfigurationName = Release;
		};
/* End XCConfigurationList section */
	};
	rootObject = F152610C2F2C4B3B00E34EB7 /* Project object */;
}
